<?xml version="1.0" encoding="utf-8"?>
<Project ToolsVersion="4.0" xmlns="http://schemas.microsoft.com/developer/msbuild/2003">
  <ItemGroup>
    <Filter Include="Source Files">
      <UniqueIdentifier>{4FC737F1-C7A5-4376-A066-2A32D752A2FF}</UniqueIdentifier>
      <Extensions>cpp;c;cc;cxx;def;odl;idl;hpj;bat;asm;asmx</Extensions>
    </Filter>
    <Filter Include="Header Files">
      <UniqueIdentifier>{93995380-89BD-4b04-88EB-625FBE52EBFB}</UniqueIdentifier>
      <Extensions>h;hpp;hxx;hm;inl;inc;xsd</Extensions>
    </Filter>
    <Filter Include="Resource Files">
      <UniqueIdentifier>{67DA6AB6-F800-4c08-8B7A-83BB121AAD01}</UniqueIdentifier>
      <Extensions>rc;ico;cur;bmp;dlg;rc2;rct;bin;rgs;gif;jpg;jpeg;jpe;resx;tiff;tif;png;wav;mfcribbon-ms</Extensions>
    </Filter>
  </ItemGroup>
  <ItemGroup>
    <ClCompile Include="Billiards.cpp">
      <Filter>Source Files</Filter>
    </ClCompile>
  </ItemGroup>
  <ItemGroup>
    <ClInclude Include="BilliardsTexturing.h">
      <Filter>Header Files</Filter>
    </ClInclude>
    <ClInclude Include="Billiards.h">
      <Filter>Header Files</Filter>
    </ClInclude>
    <ClInclude Include="sounds.h">
      <Filter>Header Files</Filter>
    </ClInclude>
  </ItemGroup>
  <ItemGroup>
    <None Include="..\..\..\..\..\Desktop\textures\1.bmp">
      <Filter>Resource Files</Filter>
    </None>
    <None Include="..\..\..\..\..\Desktop\textures\2.bmp">
      <Filter>Resource Files</Filter>
    </None>
    <None Include="..\..\..\..\..\Desktop\textures\3.bmp">
      <Filter>Resource Files</Filter>
    </None>
    <None Include="..\..\..\..\..\Desktop\textures\4.bmp">
      <Filter>Resource Files</Filter>
    </None>
    <None Include="..\..\..\..\..\Desktop\textures\5.bmp">
      <Filter>Resource Files</Filter>
    </None>
    <None Include="..\..\..\..\..\Desktop\textures\6.bmp">
      <Filter>Resource Files</Filter>
    </None>
    <None Include="..\..\..\..\..\Desktop\textures\7.bmp">
      <Filter>Resource Files</Filter>
    </None>
    <None Include="..\..\..\..\..\Desktop\textures\8.bmp">
      <Filter>Resource Files</Filter>
    </None>
    <None Include="..\..\..\..\..\Desktop\textures\9.bmp">
      <Filter>Resource Files</Filter>
    </None>
    <None Include="..\..\..\..\..\Desktop\textures\10.bmp">
      <Filter>Resource Files</Filter>
    </None>
    <None Include="..\..\..\..\..\Desktop\textures\11.bmp">
      <Filter>Resource Files</Filter>
    </None>
    <None Include="..\..\..\..\..\Desktop\textures\12.bmp">
      <Filter>Resource Files</Filter>
    </None>
    <None Include="..\..\..\..\..\Desktop\textures\13.bmp">
      <Filter>Resource Files</Filter>
    </None>
    <None Include="..\..\..\..\..\Desktop\textures\14.bmp">
      <Filter>Resource Files</Filter>
    </None>
    <None Include="..\..\..\..\..\Desktop\textures\15.bmp">
      <Filter>Resource Files</Filter>
    </None>
    <None Include="..\..\..\..\..\Desktop\textures\bumper.bmp">
      <Filter>Resource Files</Filter>
    </None>
    <None Include="..\..\..\..\..\Desktop\textures\cue.bmp">
      <Filter>Resource Files</Filter>
    </None>
    <None Include="..\..\..\..\..\Desktop\textures\pocket.png">
      <Filter>Resource Files</Filter>
    </None>
    <None Include="..\..\..\..\..\Desktop\textures\pocket_black.bmp">
      <Filter>Resource Files</Filter>
    </None>
    <None Include="..\..\..\..\..\Desktop\textures\table_blackpockets.bmp">
      <Filter>Resource Files</Filter>
    </None>
    <None Include="..\..\..\..\..\Desktop\textures\table_nopockets.bmp">
      <Filter>Resource Files</Filter>
    </None>
    <None Include="..\..\..\..\..\Desktop\textures\table_pockets.png">
      <Filter>Resource Files</Filter>
    </None>
  </ItemGroup>
</Project>